
Microsoft Visual Studio Solution File, Format Version 12.00
# Visual Studio Version 16
VisualStudioVersion = 16.0.29519.181
MinimumVisualStudioVersion = 10.0.40219.1
Project("{2150E333-8FDC-42A3-9474-1A3956D46DE8}") = "Tests", "Tests", "{D95E9C8A-C989-4EE4-94FD-D09FD36E740E}"
EndProject
Project("{FAE04EC0-301F-11D3-BF4B-00C04F79EFBC}") = "Wasmtime.Tests", "tests\Wasmtime.Tests\Wasmtime.Tests.csproj", "{66772966-6084-415C-891C-5BFC639611CC}"
EndProject
Project("{FAE04EC0-301F-11D3-BF4B-00C04F79EFBC}") = "Wasmtime.Components.Tests", "tests\Wasmtime.Components.Tests\Wasmtime.Components.Tests.csproj", "{313D48FD-9C5B-46CD-B3B1-C13E37FB3F02}"
EndProject
Project("{FAE04EC0-301F-11D3-BF4B-00C04F79EFBC}") = "Wasmtime", "src\Wasmtime\Wasmtime.csproj", "{184DC60B-640F-4C43-A9EB-0A0BD80AEDB7}"
EndProject
Project("{FAE04EC0-301F-11D3-BF4B-00C04F79EFBC}") = "Wasmtime.SourceGenerator", "src\Wasmtime.SourceGenerator\Wasmtime.SourceGenerator.csproj", "{39D8EC4F-B873-445A-A3DA-23F44DDAFDB4}"
EndProject
Project("{2150E333-8FDC-42A3-9474-1A3956D46DE8}") = "_Solution Files", "_Solution Files", "{0A86CF94-2049-4723-8AF1-676F66ECA953}"
	ProjectSection(SolutionItems) = preProject
		Directory.Build.props = Directory.Build.props
	EndProjectSection
EndProject
Project("{FAE04EC0-301F-11D3-BF4B-00C04F79EFBC}") = "Wasmtime.SourceGenerator.Tests", "tests\Wasmtime.SourceGenerator.Tests\Wasmtime.SourceGenerator.Tests.csproj", "{DF5BAA4C-3876-497D-B177-8314CC840AF8}"
EndProject
Global
	GlobalSection(SolutionConfigurationPlatforms) = preSolution
		Debug|Any CPU = Debug|Any CPU
		Release|Any CPU = Release|Any CPU
	EndGlobalSection
	GlobalSection(ProjectConfigurationPlatforms) = postSolution
		{66772966-6084-415C-891C-5BFC639611CC}.Debug|Any CPU.ActiveCfg = Debug|Any CPU
		{66772966-6084-415C-891C-5BFC639611CC}.Debug|Any CPU.Build.0 = Debug|Any CPU
		{66772966-6084-415C-891C-5BFC639611CC}.Release|Any CPU.ActiveCfg = Release|Any CPU
		{66772966-6084-415C-891C-5BFC639611CC}.Release|Any CPU.Build.0 = Release|Any CPU
		{313D48FD-9C5B-46CD-B3B1-C13E37FB3F02}.Debug|Any CPU.ActiveCfg = Debug|Any CPU
		{313D48FD-9C5B-46CD-B3B1-C13E37FB3F02}.Debug|Any CPU.Build.0 = Debug|Any CPU
		{313D48FD-9C5B-46CD-B3B1-C13E37FB3F02}.Release|Any CPU.ActiveCfg = Release|Any CPU
		{313D48FD-9C5B-46CD-B3B1-C13E37FB3F02}.Release|Any CPU.Build.0 = Release|Any CPU
		{184DC60B-640F-4C43-A9EB-0A0BD80AEDB7}.Debug|Any CPU.ActiveCfg = Debug|Any CPU
		{184DC60B-640F-4C43-A9EB-0A0BD80AEDB7}.Debug|Any CPU.Build.0 = Debug|Any CPU
		{184DC60B-640F-4C43-A9EB-0A0BD80AEDB7}.Release|Any CPU.ActiveCfg = Release|Any CPU
		{184DC60B-640F-4C43-A9EB-0A0BD80AEDB7}.Release|Any CPU.Build.0 = Release|Any CPU
		{39D8EC4F-B873-445A-A3DA-23F44DDAFDB4}.Debug|Any CPU.ActiveCfg = Debug|Any CPU
		{39D8EC4F-B873-445A-A3DA-23F44DDAFDB4}.Debug|Any CPU.Build.0 = Debug|Any CPU
		{39D8EC4F-B873-445A-A3DA-23F44DDAFDB4}.Release|Any CPU.ActiveCfg = Release|Any CPU
		{39D8EC4F-B873-445A-A3DA-23F44DDAFDB4}.Release|Any CPU.Build.0 = Release|Any CPU
		{DF5BAA4C-3876-497D-B177-8314CC840AF8}.Debug|Any CPU.ActiveCfg = Debug|Any CPU
		{DF5BAA4C-3876-497D-B177-8314CC840AF8}.Debug|Any CPU.Build.0 = Debug|Any CPU
		{DF5BAA4C-3876-497D-B177-8314CC840AF8}.Release|Any CPU.ActiveCfg = Release|Any CPU
		{DF5BAA4C-3876-497D-B177-8314CC840AF8}.Release|Any CPU.Build.0 = Release|Any CPU
	EndGlobalSection
	GlobalSection(SolutionProperties) = preSolution
		HideSolutionNode = FALSE
	EndGlobalSection
	GlobalSection(ExtensibilityGlobals) = postSolution
		SolutionGuid = {F5AC35E5-1373-49E6-97DC-68CB5E0369E0}
	EndGlobalSection
	GlobalSection(NestedProjects) = preSolution
		{66772966-6084-415C-891C-5BFC639611CC} = {D95E9C8A-C989-4EE4-94FD-D09FD36E740E}
		{313D48FD-9C5B-46CD-B3B1-C13E37FB3F02} = {D95E9C8A-C989-4EE4-94FD-D09FD36E740E}
		{DF5BAA4C-3876-497D-B177-8314CC840AF8} = {D95E9C8A-C989-4EE4-94FD-D09FD36E740E}
	EndGlobalSection
EndGlobal
